
Microsoft Visual Studio Solution File, Format Version 12.00
# Visual Studio Version 16
VisualStudioVersion = 16.0.31624.102
MinimumVisualStudioVersion = 10.0.40219.1
Project("{8BC9CEB8-8B4A-11D0-8D11-00A0C91BC942}") = "Project1", "Project1\Project1.vcxproj", "{227255C3-06CF-442E-8630-8E697B9DE551}"
EndProject
Global
	GlobalSection(SolutionConfigurationPlatforms) = preSolution
		Debug|x64 = Debug|x64
		Debug|x86 = Debug|x86
		Release|x64 = Release|x64
		Release|x86 = Release|x86
	EndGlobalSection
	GlobalSection(ProjectConfigurationPlatforms) = postSolution
		{227255C3-06CF-442E-8630-8E697B9DE551}.Debug|x64.ActiveCfg = Debug|x64
		{227255C3-06CF-442E-8630-8E697B9DE551}.Debug|x64.Build.0 = Debug|x64
		{227255C3-06CF-442E-8630-8E697B9DE551}.Debug|x86.ActiveCfg = Debug|Win32
		{227255C3-06CF-442E-8630-8E697B9DE551}.Debug|x86.Build.0 = Debug|Win32
		{227255C3-06CF-442E-8630-8E697B9DE551}.Release|x64.ActiveCfg = Release|x64
		{227255C3-06CF-442E-8630-8E697B9DE551}.Release|x64.Build.0 = Release|x64
		{227255C3-06CF-442E-8630-8E697B9DE551}.Release|x86.ActiveCfg = Release|Win32
		{227255C3-06CF-442E-8630-8E697B9DE551}.Release|x86.Build.0 = Release|Win32
	EndGlobalSection
	GlobalSection(SolutionProperties) = preSolution
		HideSolutionNode = FALSE
	EndGlobalSection
	GlobalSection(ExtensibilityGlobals) = postSolution
		SolutionGuid = {69160B82-E45B-4579-86C7-495F6939E05E}
	EndGlobalSection
EndGlobal
